
Microsoft Visual Studio Solution File, Format Version 12.00
# Visual Studio Version 17
VisualStudioVersion = 17.8.34330.188
MinimumVisualStudioVersion = 10.0.40219.1
Project("{9A19103F-16F7-4668-BE54-9A1E7A4F7556}") = "RiotApiController.Api", "RiotApiController.Api\RiotApiController.Api.csproj", "{8AA4F5AD-5873-4D83-BBA3-A69ABDCE4D30}"
EndProject
Project("{9A19103F-16F7-4668-BE54-9A1E7A4F7556}") = "RiotApiController.Domain", "RiotApiController.Domain\RiotApiController.Domain.csproj", "{8AC06123-EC08-40BD-83FE-045CF98D243C}"
EndProject
Project("{FAE04EC0-301F-11D3-BF4B-00C04F79EFBC}") = "RiotApiController.Infrastructure", "RiotApiController.Infrastructure\RiotApiController.Infrastructure.csproj", "{FFD95B3C-6F76-4ABA-8449-6B379AC4FC7B}"
EndProject
Global
	GlobalSection(SolutionConfigurationPlatforms) = preSolution
		Debug|Any CPU = Debug|Any CPU
		Release|Any CPU = Release|Any CPU
	EndGlobalSection
	GlobalSection(ProjectConfigurationPlatforms) = postSolution
		{8AA4F5AD-5873-4D83-BBA3-A69ABDCE4D30}.Debug|Any CPU.ActiveCfg = Debug|Any CPU
		{8AA4F5AD-5873-4D83-BBA3-A69ABDCE4D30}.Debug|Any CPU.Build.0 = Debug|Any CPU
		{8AA4F5AD-5873-4D83-BBA3-A69ABDCE4D30}.Release|Any CPU.ActiveCfg = Release|Any CPU
		{8AA4F5AD-5873-4D83-BBA3-A69ABDCE4D30}.Release|Any CPU.Build.0 = Release|Any CPU
		{8AC06123-EC08-40BD-83FE-045CF98D243C}.Debug|Any CPU.ActiveCfg = Debug|Any CPU
		{8AC06123-EC08-40BD-83FE-045CF98D243C}.Debug|Any CPU.Build.0 = Debug|Any CPU
		{8AC06123-EC08-40BD-83FE-045CF98D243C}.Release|Any CPU.ActiveCfg = Release|Any CPU
		{8AC06123-EC08-40BD-83FE-045CF98D243C}.Release|Any CPU.Build.0 = Release|Any CPU
		{FFD95B3C-6F76-4ABA-8449-6B379AC4FC7B}.Debug|Any CPU.ActiveCfg = Debug|Any CPU
		{FFD95B3C-6F76-4ABA-8449-6B379AC4FC7B}.Debug|Any CPU.Build.0 = Debug|Any CPU
		{FFD95B3C-6F76-4ABA-8449-6B379AC4FC7B}.Release|Any CPU.ActiveCfg = Release|Any CPU
		{FFD95B3C-6F76-4ABA-8449-6B379AC4FC7B}.Release|Any CPU.Build.0 = Release|Any CPU
	EndGlobalSection
	GlobalSection(SolutionProperties) = preSolution
		HideSolutionNode = FALSE
	EndGlobalSection
	GlobalSection(ExtensibilityGlobals) = postSolution
		SolutionGuid = {C36712AD-20AD-4F41-8113-48B34A2F7D46}
	EndGlobalSection
EndGlobal
